{
  "requires": true,
  "lockfileVersion": 1,
  "dependencies": {
    "@vue/devtools-api": {
      "version": "6.0.0-beta.13",
      "resolved": "https://registry.npmjs.org/@vue/devtools-api/-/devtools-api-6.0.0-beta.13.tgz",
      "integrity": "sha512-oZ0n/N4UWpkMvbR1OrBtu+YhaVADo+bYX5lxo9tou7h10p0+v2K9yzzaZATVr0lqHb7iY1wALfO8yojwg0MTHw=="
    },
    "vue-router": {
      "version": "4.0.8",
      "resolved": "https://registry.npmjs.org/vue-router/-/vue-router-4.0.8.tgz",
      "integrity": "sha512-42mWSQaH7CCBQDspQTHv63f34VEnZC20g9QNK4WJ/zW8SdIUeT6TQ2i/78fjF/pVBUPLBWrGhvB7uDnaz7O/pA==",
      "requires": {
        "@vue/devtools-api": "^6.0.0-beta.10"
      }
    }
  }
}
